
Microsoft Visual Studio Solution File, Format Version 12.00
# Visual Studio 15
VisualStudioVersion = 15.0.27703.2042
MinimumVisualStudioVersion = 10.0.40219.1
Project("{FAE04EC0-301F-11D3-BF4B-00C04F79EFBC}") = "Vidly", "Vidly\Vidly.csproj", "{6C58FB36-EB10-4995-990E-111534752CBF}"
EndProject
Project("{FAE04EC0-301F-11D3-BF4B-00C04F79EFBC}") = "Vidly.Tests", "Vidly.Tests\Vidly.Tests.csproj", "{072BBCE6-CF56-4211-8F68-E5442DB22C83}"
EndProject
Global
	GlobalSection(SolutionConfigurationPlatforms) = preSolution
		Debug|Any CPU = Debug|Any CPU
		Release|Any CPU = Release|Any CPU
	EndGlobalSection
	GlobalSection(ProjectConfigurationPlatforms) = postSolution
		{6C58FB36-EB10-4995-990E-111534752CBF}.Debug|Any CPU.ActiveCfg = Debug|Any CPU
		{6C58FB36-EB10-4995-990E-111534752CBF}.Debug|Any CPU.Build.0 = Debug|Any CPU
		{6C58FB36-EB10-4995-990E-111534752CBF}.Release|Any CPU.ActiveCfg = Release|Any CPU
		{6C58FB36-EB10-4995-990E-111534752CBF}.Release|Any CPU.Build.0 = Release|Any CPU
		{072BBCE6-CF56-4211-8F68-E5442DB22C83}.Debug|Any CPU.ActiveCfg = Debug|Any CPU
		{072BBCE6-CF56-4211-8F68-E5442DB22C83}.Debug|Any CPU.Build.0 = Debug|Any CPU
		{072BBCE6-CF56-4211-8F68-E5442DB22C83}.Release|Any CPU.ActiveCfg = Release|Any CPU
		{072BBCE6-CF56-4211-8F68-E5442DB22C83}.Release|Any CPU.Build.0 = Release|Any CPU
	EndGlobalSection
	GlobalSection(SolutionProperties) = preSolution
		HideSolutionNode = FALSE
	EndGlobalSection
	GlobalSection(ExtensibilityGlobals) = postSolution
		SolutionGuid = {22FAF43F-5E00-4B76-887A-598E50224A48}
	EndGlobalSection
EndGlobal
